
Microsoft Visual Studio Solution File, Format Version 12.00
# Visual Studio Version 16
VisualStudioVersion = 16.0.32407.337
MinimumVisualStudioVersion = 10.0.40219.1
Project("{FAE04EC0-301F-11D3-BF4B-00C04F79EFBC}") = "FirstProgram", "FirstProgram.csproj", "{64FFBB6D-81F8-4316-AE27-6164AA4ED488}"
EndProject
Global
	GlobalSection(SolutionConfigurationPlatforms) = preSolution
		Debug|Any CPU = Debug|Any CPU
		Release|Any CPU = Release|Any CPU
	EndGlobalSection
	GlobalSection(ProjectConfigurationPlatforms) = postSolution
		{64FFBB6D-81F8-4316-AE27-6164AA4ED488}.Debug|Any CPU.ActiveCfg = Debug|Any CPU
		{64FFBB6D-81F8-4316-AE27-6164AA4ED488}.Debug|Any CPU.Build.0 = Debug|Any CPU
		{64FFBB6D-81F8-4316-AE27-6164AA4ED488}.Release|Any CPU.ActiveCfg = Release|Any CPU
		{64FFBB6D-81F8-4316-AE27-6164AA4ED488}.Release|Any CPU.Build.0 = Release|Any CPU
	EndGlobalSection
	GlobalSection(SolutionProperties) = preSolution
		HideSolutionNode = FALSE
	EndGlobalSection
	GlobalSection(ExtensibilityGlobals) = postSolution
		SolutionGuid = {CCAA0FD4-A07B-4F27-BDA6-F8A6237FDC4A}
	EndGlobalSection
EndGlobal
